// !$*UTF8*$!
{
	archiveVersion = 1;
	classes = {
	};
	objectVersion = 46;
	objects = {

/* Begin PBXBuildFile section */
		099E93DA1B1624E800C7B4A9 /* AppDelegate.swift in Sources */ = {isa = PBXBuildFile; fileRef = 099E93D91B1624E800C7B4A9 /* AppDelegate.swift */; };
		099E93DC1B1624E800C7B4A9 /* ViewController.swift in Sources */ = {isa = PBXBuildFile; fileRef = 099E93DB1B1624E800C7B4A9 /* ViewController.swift */; };
		099E93DF1B1624E800C7B4A9 /* Main.storyboard in Resources */ = {isa = PBXBuildFile; fileRef = 099E93DD1B1624E800C7B4A9 /* Main.storyboard */; };
		099E93E11B1624E800C7B4A9 /* Images.xcassets in Resources */ = {isa = PBXBuildFile; fileRef = 099E93E01B1624E800C7B4A9 /* Images.xcassets */; };
		099E93E41B1624E800C7B4A9 /* LaunchScreen.xib in Resources */ = {isa = PBXBuildFile; fileRef = 099E93E21B1624E800C7B4A9 /* LaunchScreen.xib */; };
		099E93F01B1624E800C7B4A9 /* yopubTests.swift in Sources */ = {isa = PBXBuildFile; fileRef = 099E93EF1B1624E800C7B4A9 /* yopubTests.swift */; };
/* End PBXBuildFile section */

/* Begin PBXContainerItemProxy section */
		099E93EA1B1624E800C7B4A9 /* PBXContainerItemProxy */ = {
			isa = PBXContainerItemProxy;
			containerPortal = 099E93CC1B1624E800C7B4A9 /* Project object */;
			proxyType = 1;
			remoteGlobalIDString = 099E93D31B1624E800C7B4A9;
			remoteInfo = yopub;
		};
/* End PBXContainerItemProxy section */

/* Begin PBXFileReference section */
		099E93D41B1624E800C7B4A9 /* yopub.app */ = {isa = PBXFileReference; explicitFileType = wrapper.application; includeInIndex = 0; path = yopub.app; sourceTree = BUILT_PRODUCTS_DIR; };
		099E93D81B1624E800C7B4A9 /* Info.plist */ = {isa = PBXFileReference; lastKnownFileType = text.plist.xml; path = Info.plist; sourceTree = "<group>"; };
		099E93D91B1624E800C7B4A9 /* AppDelegate.swift */ = {isa = PBXFileReference; lastKnownFileType = sourcecode.swift; path = AppDelegate.swift; sourceTree = "<group>"; };
		099E93DB1B1624E800C7B4A9 /* ViewController.swift */ = {isa = PBXFileReference; lastKnownFileType = sourcecode.swift; path = ViewController.swift; sourceTree = "<group>"; };
		099E93DE1B1624E800C7B4A9 /* Base */ = {isa = PBXFileReference; lastKnownFileType = file.storyboard; name = Base; path = Base.lproj/Main.storyboard; sourceTree = "<group>"; };
		099E93E01B1624E800C7B4A9 /* Images.xcassets */ = {isa = PBXFileReference; lastKnownFileType = folder.assetcatalog; path = Images.xcassets; sourceTree = "<group>"; };
		099E93E31B1624E800C7B4A9 /* Base */ = {isa = PBXFileReference; lastKnownFileType = file.xib; name = Base; path = Base.lproj/LaunchScreen.xib; sourceTree = "<group>"; };
		099E93E91B1624E800C7B4A9 /* yopubTests.xctest */ = {isa = PBXFileReference; explicitFileType = wrapper.cfbundle; includeInIndex = 0; path = yopubTests.xctest; sourceTree = BUILT_PRODUCTS_DIR; };
		099E93EE1B1624E800C7B4A9 /* Info.plist */ = {isa = PBXFileReference; lastKnownFileType = text.plist.xml; path = Info.plist; sourceTree = "<group>"; };
		099E93EF1B1624E800C7B4A9 /* yopubTests.swift */ = {isa = PBXFileReference; lastKnownFileType = sourcecode.swift; path = yopubTests.swift; sourceTree = "<group>"; };
/* End PBXFileReference section */

/* Begin PBXFrameworksBuildPhase section */
		099E93D11B1624E800C7B4A9 /* Frameworks */ = {
			isa = PBXFrameworksBuildPhase;
			buildActionMask = 2147483647;
			files = (
			);
			runOnlyForDeploymentPostprocessing = 0;
		};
		099E93E61B1624E800C7B4A9 /* Frameworks */ = {
			isa = PBXFrameworksBuildPhase;
			buildActionMask = 2147483647;
			files = (
			);
			runOnlyForDeploymentPostprocessing = 0;
		};
/* End PBXFrameworksBuildPhase section */

/* Begin PBXGroup section */
		099E93CB1B1624E800C7B4A9 = {
			isa = PBXGroup;
			children = (
				099E93D61B1624E800C7B4A9 /* yopub */,
				099E93EC1B1624E800C7B4A9 /* yopubTests */,
				099E93D51B1624E800C7B4A9 /* Products */,
			);
			sourceTree = "<group>";
		};
		099E93D51B1624E800C7B4A9 /* Products */ = {
			isa = PBXGroup;
			children = (
				099E93D41B1624E800C7B4A9 /* yopub.app */,
				099E93E91B1624E800C7B4A9 /* yopubTests.xctest */,
			);
			name = Products;
			sourceTree = "<group>";
		};
		099E93D61B1624E800C7B4A9 /* yopub */ = {
			isa = PBXGroup;
			children = (
				099E93D91B1624E800C7B4A9 /* AppDelegate.swift */,
				099E93DB1B1624E800C7B4A9 /* ViewController.swift */,
				099E93DD1B1624E800C7B4A9 /* Main.storyboard */,
				099E93E01B1624E800C7B4A9 /* Images.xcassets */,
				099E93E21B1624E800C7B4A9 /* LaunchScreen.xib */,
				099E93D71B1624E800C7B4A9 /* Supporting Files */,
			);
			path = yopub;
			sourceTree = "<group>";
		};
		099E93D71B1624E800C7B4A9 /* Supporting Files */ = {
			isa = PBXGroup;
			children = (
				099E93D81B1624E800C7B4A9 /* Info.plist */,
			);
			name = "Supporting Files";
			sourceTree = "<group>";
		};
		099E93EC1B1624E800C7B4A9 /* yopubTests */ = {
			isa = PBXGroup;
			children = (
				099E93EF1B1624E800C7B4A9 /* yopubTests.swift */,
				099E93ED1B1624E800C7B4A9 /* Supporting Files */,
			);
			path = yopubTests;
			sourceTree = "<group>";
		};
		099E93ED1B1624E800C7B4A9 /* Supporting Files */ = {
			isa = PBXGroup;
			children = (
				099E93EE1B1624E800C7B4A9 /* Info.plist */,
			);
			name = "Supporting Files";
			sourceTree = "<group>";
		};
/* End PBXGroup section */

/* Begin PBXNativeTarget section */
		099E93D31B1624E800C7B4A9 /* yopub */ = {
			isa = PBXNativeTarget;
			buildConfigurationList = 099E93F31B1624E800C7B4A9 /* Build configuration list for PBXNativeTarget "yopub" */;
			buildPhases = (
				099E93D01B1624E800C7B4A9 /* Sources */,
				099E93D11B1624E800C7B4A9 /* Frameworks */,
				099E93D21B1624E800C7B4A9 /* Resources */,
			);
			buildRules = (
			);
			dependencies = (
			);
			name = yopub;
			productName = yopub;
			productReference = 099E93D41B1624E800C7B4A9 /* yopub.app */;
			productType = "com.apple.product-type.application";
		};
		099E93E81B1624E800C7B4A9 /* yopubTests */ = {
			isa = PBXNativeTarget;
			buildConfigurationList = 099E93F61B1624E800C7B4A9 /* Build configuration list for PBXNativeTarget "yopubTests" */;
			buildPhases = (
				099E93E51B1624E800C7B4A9 /* Sources */,
				099E93E61B1624E800C7B4A9 /* Frameworks */,
				099E93E71B1624E800C7B4A9 /* Resources */,
			);
			buildRules = (
			);
			dependencies = (
				099E93EB1B1624E800C7B4A9 /* PBXTargetDependency */,
			);
			name = yopubTests;
			productName = yopubTests;
			productReference = 099E93E91B1624E800C7B4A9 /* yopubTests.xctest */;
			productType = "com.apple.product-type.bundle.unit-test";
		};
/* End PBXNativeTarget section */

/* Begin PBXProject section */
		099E93CC1B1624E800C7B4A9 /* Project object */ = {
			isa = PBXProject;
			attributes = {
				LastUpgradeCheck = 0630;
				ORGANIZATIONNAME = ioJP;
				TargetAttributes = {
					099E93D31B1624E800C7B4A9 = {
						CreatedOnToolsVersion = 6.3.2;
					};
					099E93E81B1624E800C7B4A9 = {
						CreatedOnToolsVersion = 6.3.2;
						TestTargetID = 099E93D31B1624E800C7B4A9;
					};
				};
			};
			buildConfigurationList = 099E93CF1B1624E800C7B4A9 /* Build configuration list for PBXProject "yopub" */;
			compatibilityVersion = "Xcode 3.2";
			developmentRegion = English;
			hasScannedForEncodings = 0;
			knownRegions = (
				en,
				Base,
			);
			mainGroup = 099E93CB1B1624E800C7B4A9;
			productRefGroup = 099E93D51B1624E800C7B4A9 /* Products */;
			projectDirPath = "";
			projectRoot = "";
			targets = (
				099E93D31B1624E800C7B4A9 /* yopub */,
				099E93E81B1624E800C7B4A9 /* yopubTests */,
			);
		};
/* End PBXProject section */

/* Begin PBXResourcesBuildPhase section */
		099E93D21B1624E800C7B4A9 /* Resources */ = {
			isa = PBXResourcesBuildPhase;
			buildActionMask = 2147483647;
			files = (
				099E93DF1B1624E800C7B4A9 /* Main.storyboard in Resources */,
				099E93E41B1624E800C7B4A9 /* LaunchScreen.xib in Resources */,
				099E93E11B1624E800C7B4A9 /* Images.xcassets in Resources */,
			);
			runOnlyForDeploymentPostprocessing = 0;
		};
		099E93E71B1624E800C7B4A9 /* Resources */ = {
			isa = PBXResourcesBuildPhase;
			buildActionMask = 2147483647;
			files = (
			);
			runOnlyForDeploymentPostprocessing = 0;
		};
/* End PBXResourcesBuildPhase section */

/* Begin PBXSourcesBuildPhase section */
		099E93D01B1624E800C7B4A9 /* Sources */ = {
			isa = PBXSourcesBuildPhase;
			buildActionMask = 2147483647;
			files = (
				099E93DC1B1624E800C7B4A9 /* ViewController.swift in Sources */,
				099E93DA1B1624E800C7B4A9 /* AppDelegate.swift in Sources */,
			);
			runOnlyForDeploymentPostprocessing = 0;
		};
		099E93E51B1624E800C7B4A9 /* Sources */ = {
			isa = PBXSourcesBuildPhase;
			buildActionMask = 2147483647;
			files = (
				099E93F01B1624E800C7B4A9 /* yopubTests.swift in Sources */,
			);
			runOnlyForDeploymentPostprocessing = 0;
		};
/* End PBXSourcesBuildPhase section */

/* Begin PBXTargetDependency section */
		099E93EB1B1624E800C7B4A9 /* PBXTargetDependency */ = {
			isa = PBXTargetDependency;
			target = 099E93D31B1624E800C7B4A9 /* yopub */;
			targetProxy = 099E93EA1B1624E800C7B4A9 /* PBXContainerItemProxy */;
		};
/* End PBXTargetDependency section */

/* Begin PBXVariantGroup section */
		099E93DD1B1624E800C7B4A9 /* Main.storyboard */ = {
			isa = PBXVariantGroup;
			children = (
				099E93DE1B1624E800C7B4A9 /* Base */,
			);
			name = Main.storyboard;
			sourceTree = "<group>";
		};
		099E93E21B1624E800C7B4A9 /* LaunchScreen.xib */ = {
			isa = PBXVariantGroup;
			children = (
				099E93E31B1624E800C7B4A9 /* Base */,
			);
			name = LaunchScreen.xib;
			sourceTree = "<group>";
		};
/* End PBXVariantGroup section */

/* Begin XCBuildConfiguration section */
		099E93F11B1624E800C7B4A9 /* Debug */ = {
			isa = XCBuildConfiguration;
			buildSettings = {
				ALWAYS_SEARCH_USER_PATHS = NO;
				CLANG_CXX_LANGUAGE_STANDARD = "gnu++0x";
				CLANG_CXX_LIBRARY = "libc++";
				CLANG_ENABLE_MODULES = YES;
				CLANG_ENABLE_OBJC_ARC = YES;
				CLANG_WARN_BOOL_CONVERSION = YES;
				CLANG_WARN_CONSTANT_CONVERSION = YES;
				CLANG_WARN_DIRECT_OBJC_ISA_USAGE = YES_ERROR;
				CLANG_WARN_EMPTY_BODY = YES;
				CLANG_WARN_ENUM_CONVERSION = YES;
				CLANG_WARN_INT_CONVERSION = YES;
				CLANG_WARN_OBJC_ROOT_CLASS = YES_ERROR;
				CLANG_WARN_UNREACHABLE_CODE = YES;
				CLANG_WARN__DUPLICATE_METHOD_MATCH = YES;
				"CODE_SIGN_IDENTITY[sdk=iphoneos*]" = "iPhone Developer";
				COPY_PHASE_STRIP = NO;
				DEBUG_INFORMATION_FORMAT = "dwarf-with-dsym";
				ENABLE_STRICT_OBJC_MSGSEND = YES;
				GCC_C_LANGUAGE_STANDARD = gnu99;
				GCC_DYNAMIC_NO_PIC = NO;
				GCC_NO_COMMON_BLOCKS = YES;
				GCC_OPTIMIZATION_LEVEL = 0;
				GCC_PREPROCESSOR_DEFINITIONS = (
					"DEBUG=1",
					"$(inherited)",
				);
				GCC_SYMBOLS_PRIVATE_EXTERN = NO;
				GCC_WARN_64_TO_32_BIT_CONVERSION = YES;
				GCC_WARN_ABOUT_RETURN_TYPE = YES_ERROR;
				GCC_WARN_UNDECLARED_SELECTOR = YES;
				GCC_WARN_UNINITIALIZED_AUTOS = YES_AGGRESSIVE;
				GCC_WARN_UNUSED_FUNCTION = YES;
				GCC_WARN_UNUSED_VARIABLE = YES;
				IPHONEOS_DEPLOYMENT_TARGET = 8.3;
				MTL_ENABLE_DEBUG_INFO = YES;
				ONLY_ACTIVE_ARCH = YES;
				SDKROOT = iphoneos;
				SWIFT_OPTIMIZATION_LEVEL = "-Onone";
			};
			name = Debug;
		};
		099E93F21B1624E800C7B4A9 /* Release */ = {
			isa = XCBuildConfiguration;
			buildSettings = {
				ALWAYS_SEARCH_USER_PATHS = NO;
				CLANG_CXX_LANGUAGE_STANDARD = "gnu++0x";
				CLANG_CXX_LIBRARY = "libc++";
				CLANG_ENABLE_MODULES = YES;
				CLANG_ENABLE_OBJC_ARC = YES;
				CLANG_WARN_BOOL_CONVERSION = YES;
				CLANG_WARN_CONSTANT_CONVERSION = YES;
				CLANG_WARN_DIRECT_OBJC_ISA_USAGE = YES_ERROR;
				CLANG_WARN_EMPTY_BODY = YES;
				CLANG_WARN_ENUM_CONVERSION = YES;
				CLANG_WARN_INT_CONVERSION = YES;
				CLANG_WARN_OBJC_ROOT_CLASS = YES_ERROR;
				CLANG_WARN_UNREACHABLE_CODE = YES;
				CLANG_WARN__DUPLICATE_METHOD_MATCH = YES;
				"CODE_SIGN_IDENTITY[sdk=iphoneos*]" = "iPhone Developer";
				COPY_PHASE_STRIP = NO;
				DEBUG_INFORMATION_FORMAT = "dwarf-with-dsym";
				ENABLE_NS_ASSERTIONS = NO;
				ENABLE_STRICT_OBJC_MSGSEND = YES;
				GCC_C_LANGUAGE_STANDARD = gnu99;
				GCC_NO_COMMON_BLOCKS = YES;
				GCC_WARN_64_TO_32_BIT_CONVERSION = YES;
				GCC_WARN_ABOUT_RETURN_TYPE = YES_ERROR;
				GCC_WARN_UNDECLARED_SELECTOR = YES;
				GCC_WARN_UNINITIALIZED_AUTOS = YES_AGGRESSIVE;
				GCC_WARN_UNUSED_FUNCTION = YES;
				GCC_WARN_UNUSED_VARIABLE = YES;
				IPHONEOS_DEPLOYMENT_TARGET = 8.3;
				MTL_ENABLE_DEBUG_INFO = NO;
				SDKROOT = iphoneos;
				VALIDATE_PRODUCT = YES;
			};
			name = Release;
		};
		099E93F41B1624E800C7B4A9 /* Debug */ = {
			isa = XCBuildConfiguration;
			buildSettings = {
				ASSETCATALOG_COMPILER_APPICON_NAME = AppIcon;
				INFOPLIST_FILE = yopub/Info.plist;
				LD_RUNPATH_SEARCH_PATHS = "$(inherited) @executable_path/Frameworks";
				PRODUCT_NAME = "$(TARGET_NAME)";
			};
			name = Debug;
		};
		099E93F51B1624E800C7B4A9 /* Release */ = {
			isa = XCBuildConfiguration;
			buildSettings = {
				ASSETCATALOG_COMPILER_APPICON_NAME = AppIcon;
				INFOPLIST_FILE = yopub/Info.plist;
				LD_RUNPATH_SEARCH_PATHS = "$(inherited) @executable_path/Frameworks";
				PRODUCT_NAME = "$(TARGET_NAME)";
			};
			name = Release;
		};
		099E93F71B1624E800C7B4A9 /* Debug */ = {
			isa = XCBuildConfiguration;
			buildSettings = {
				BUNDLE_LOADER = "$(TEST_HOST)";
				FRAMEWORK_SEARCH_PATHS = (
					"$(SDKROOT)/Developer/Library/Frameworks",
					"$(inherited)",
				);
				GCC_PREPROCESSOR_DEFINITIONS = (
					"DEBUG=1",
					"$(inherited)",
				);
				INFOPLIST_FILE = yopubTests/Info.plist;
				LD_RUNPATH_SEARCH_PATHS = "$(inherited) @executable_path/Frameworks @loader_path/Frameworks";
				PRODUCT_NAME = "$(TARGET_NAME)";
				TEST_HOST = "$(BUILT_PRODUCTS_DIR)/yopub.app/yopub";
			};
			name = Debug;
		};
		099E93F81B1624E800C7B4A9 /* Release */ = {
			isa = XCBuildConfiguration;
			buildSettings = {
				BUNDLE_LOADER = "$(TEST_HOST)";
				FRAMEWORK_SEARCH_PATHS = (
					"$(SDKROOT)/Developer/Library/Frameworks",
					"$(inherited)",
				);
				INFOPLIST_FILE = yopubTests/Info.plist;
				LD_RUNPATH_SEARCH_PATHS = "$(inherited) @executable_path/Frameworks @loader_path/Frameworks";
				PRODUCT_NAME = "$(TARGET_NAME)";
				TEST_HOST = "$(BUILT_PRODUCTS_DIR)/yopub.app/yopub";
			};
			name = Release;
		};
/* End XCBuildConfiguration section */

/* Begin XCConfigurationList section */
		099E93CF1B1624E800C7B4A9 /* Build configuration list for PBXProject "yopub" */ = {
			isa = XCConfigurationList;
			buildConfigurations = (
				099E93F11B1624E800C7B4A9 /* Debug */,
				099E93F21B1624E800C7B4A9 /* Release */,
			);
			defaultConfigurationIsVisible = 0;
			defaultConfigurationName = Release;
		};
		099E93F31B1624E800C7B4A9 /* Build configuration list for PBXNativeTarget "yopub" */ = {
			isa = XCConfigurationList;
			buildConfigurations = (
				099E93F41B1624E800C7B4A9 /* Debug */,
				099E93F51B1624E800C7B4A9 /* Release */,
			);
			defaultConfigurationIsVisible = 0;
		};
		099E93F61B1624E800C7B4A9 /* Build configuration list for PBXNativeTarget "yopubTests" */ = {
			isa = XCConfigurationList;
			buildConfigurations = (
				099E93F71B1624E800C7B4A9 /* Debug */,
				099E93F81B1624E800C7B4A9 /* Release */,
			);
			defaultConfigurationIsVisible = 0;
		};
/* End XCConfigurationList section */
	};
	rootObject = 099E93CC1B1624E800C7B4A9 /* Project object */;
}
