PODS:
  - AFNetworking (2.5.4):
    - AFNetworking/NSURLConnection (= 2.5.4)
    - AFNetworking/NSURLSession (= 2.5.4)
    - AFNetworking/Reachability (= 2.5.4)
    - AFNetworking/Security (= 2.5.4)
    - AFNetworking/Serialization (= 2.5.4)
    - AFNetworking/UIKit (= 2.5.4)
  - AFNetworking/NSURLConnection (2.5.4):
    - AFNetworking/Reachability
    - AFNetworking/Security
    - AFNetworking/Serialization
  - AFNetworking/NSURLSession (2.5.4):
    - AFNetworking/Reachability
    - AFNetworking/Security
    - AFNetworking/Serialization
  - AFNetworking/Reachability (2.5.4)
  - AFNetworking/Security (2.5.4)
  - AFNetworking/Serialization (2.5.4)
  - AFNetworking/UIKit (2.5.4):
    - AFNetworking/NSURLConnection
    - AFNetworking/NSURLSession
  - Bolts/Tasks (1.1.5)
  - CocoaLumberjack (2.0.0):
    - CocoaLumberjack/Default (= 2.0.0)
    - CocoaLumberjack/Extensions (= 2.0.0)
  - CocoaLumberjack/Core (2.0.0)
  - CocoaLumberjack/Default (2.0.0):
    - CocoaLumberjack/Core
  - CocoaLumberjack/Extensions (2.0.0):
    - CocoaLumberjack/Default
  - Parse (1.7.4):
    - Bolts/Tasks (>= 1.1.5)
  - PubNub (4.0):
    - AFNetworking (~> 2.5)
    - CocoaLumberjack

DEPENDENCIES:
  - AFNetworking (~> 2.5)
  - CocoaLumberjack
  - Parse (~> 1.7)
  - PubNub (from `/Users/nyjetsjustin/Documents/objective-c`)

EXTERNAL SOURCES:
  PubNub:
    :path: /Users/nyjetsjustin/Documents/objective-c

SPEC CHECKSUMS:
  AFNetworking: 05edc0ac4c4c8cf57bcf4b84be5b0744b6d8e71e
  Bolts: aac24961496d504aa56fc267cde95162a71bac39
  CocoaLumberjack: a6f77d987d65dc7ba86b0f84db7d0b9084f77bcb
  Parse: 6ca512c6e860b66739c95151b2f76ac4712b7842
  PubNub: d0d56afbc44dcd061410f5ca04e39debd623ead5

COCOAPODS: 0.36.0
